
Microsoft Visual Studio Solution File, Format Version 12.00
# Visual Studio Version 17
VisualStudioVersion = 17.5.2.0
MinimumVisualStudioVersion = 10.0.40219.1
Project("{FAE04EC0-301F-11D3-BF4B-00C04F79EFBC}") = "GameStore.Frontend", "GameStore.Frontend\GameStore.Frontend.csproj", "{B327FEFC-6FAB-0CDE-A48E-7585C48A7758}"
EndProject
Project("{FAE04EC0-301F-11D3-BF4B-00C04F79EFBC}") = "GameStore.Api", "GameStore.Api\GameStore.Api.csproj", "{682847C3-0133-4B4E-823A-51730FC42CEC}"
EndProject
Global
	GlobalSection(SolutionConfigurationPlatforms) = preSolution
		Debug|Any CPU = Debug|Any CPU
		Debug|x64 = Debug|x64
		Debug|x86 = Debug|x86
		Release|Any CPU = Release|Any CPU
		Release|x64 = Release|x64
		Release|x86 = Release|x86
	EndGlobalSection
	GlobalSection(ProjectConfigurationPlatforms) = postSolution
		{B327FEFC-6FAB-0CDE-A48E-7585C48A7758}.Debug|Any CPU.ActiveCfg = Debug|Any CPU
		{B327FEFC-6FAB-0CDE-A48E-7585C48A7758}.Debug|Any CPU.Build.0 = Debug|Any CPU
		{B327FEFC-6FAB-0CDE-A48E-7585C48A7758}.Debug|x64.ActiveCfg = Debug|Any CPU
		{B327FEFC-6FAB-0CDE-A48E-7585C48A7758}.Debug|x64.Build.0 = Debug|Any CPU
		{B327FEFC-6FAB-0CDE-A48E-7585C48A7758}.Debug|x86.ActiveCfg = Debug|Any CPU
		{B327FEFC-6FAB-0CDE-A48E-7585C48A7758}.Debug|x86.Build.0 = Debug|Any CPU
		{B327FEFC-6FAB-0CDE-A48E-7585C48A7758}.Release|Any CPU.ActiveCfg = Release|Any CPU
		{B327FEFC-6FAB-0CDE-A48E-7585C48A7758}.Release|Any CPU.Build.0 = Release|Any CPU
		{B327FEFC-6FAB-0CDE-A48E-7585C48A7758}.Release|x64.ActiveCfg = Release|Any CPU
		{B327FEFC-6FAB-0CDE-A48E-7585C48A7758}.Release|x64.Build.0 = Release|Any CPU
		{B327FEFC-6FAB-0CDE-A48E-7585C48A7758}.Release|x86.ActiveCfg = Release|Any CPU
		{B327FEFC-6FAB-0CDE-A48E-7585C48A7758}.Release|x86.Build.0 = Release|Any CPU
		{682847C3-0133-4B4E-823A-51730FC42CEC}.Debug|Any CPU.ActiveCfg = Debug|Any CPU
		{682847C3-0133-4B4E-823A-51730FC42CEC}.Debug|Any CPU.Build.0 = Debug|Any CPU
		{682847C3-0133-4B4E-823A-51730FC42CEC}.Debug|x64.ActiveCfg = Debug|Any CPU
		{682847C3-0133-4B4E-823A-51730FC42CEC}.Debug|x64.Build.0 = Debug|Any CPU
		{682847C3-0133-4B4E-823A-51730FC42CEC}.Debug|x86.ActiveCfg = Debug|Any CPU
		{682847C3-0133-4B4E-823A-51730FC42CEC}.Debug|x86.Build.0 = Debug|Any CPU
		{682847C3-0133-4B4E-823A-51730FC42CEC}.Release|Any CPU.ActiveCfg = Release|Any CPU
		{682847C3-0133-4B4E-823A-51730FC42CEC}.Release|Any CPU.Build.0 = Release|Any CPU
		{682847C3-0133-4B4E-823A-51730FC42CEC}.Release|x64.ActiveCfg = Release|Any CPU
		{682847C3-0133-4B4E-823A-51730FC42CEC}.Release|x64.Build.0 = Release|Any CPU
		{682847C3-0133-4B4E-823A-51730FC42CEC}.Release|x86.ActiveCfg = Release|Any CPU
		{682847C3-0133-4B4E-823A-51730FC42CEC}.Release|x86.Build.0 = Release|Any CPU
	EndGlobalSection
	GlobalSection(SolutionProperties) = preSolution
		HideSolutionNode = FALSE
	EndGlobalSection
	GlobalSection(ExtensibilityGlobals) = postSolution
		SolutionGuid = {8F0FF29A-6763-472B-9E0B-999DEDBCBED8}
	EndGlobalSection
EndGlobal
